// !$*UTF8*$!
{
	archiveVersion = 1;
	classes = {
	};
	objectVersion = 56;
	objects = {

/* Begin PBXBuildFile section */
		76FF47E4F8241E6EE3134225 /* libPods-Trending Repos.a in Frameworks */ = {isa = PBXBuildFile; fileRef = EDEE9C806661035C4C633EED /* libPods-Trending Repos.a */; };
		B69BCE14294F1E1100F4EDD8 /* AppDelegate.swift in Sources */ = {isa = PBXBuildFile; fileRef = B69BCE13294F1E1100F4EDD8 /* AppDelegate.swift */; };
		B69BCE1D294F1E1400F4EDD8 /* Assets.xcassets in Resources */ = {isa = PBXBuildFile; fileRef = B69BCE1C294F1E1400F4EDD8 /* Assets.xcassets */; };
		B69BCE20294F1E1400F4EDD8 /* LaunchScreen.storyboard in Resources */ = {isa = PBXBuildFile; fileRef = B69BCE1E294F1E1400F4EDD8 /* LaunchScreen.storyboard */; };
		B69BCE28294F205800F4EDD8 /* AppWindowManager.swift in Sources */ = {isa = PBXBuildFile; fileRef = B69BCE27294F205800F4EDD8 /* AppWindowManager.swift */; };
		B69BCE30294F22CC00F4EDD8 /* ReposListViewController.swift in Sources */ = {isa = PBXBuildFile; fileRef = B69BCE2E294F22CC00F4EDD8 /* ReposListViewController.swift */; };
		B69BCE31294F22CC00F4EDD8 /* ReposListViewController.xib in Resources */ = {isa = PBXBuildFile; fileRef = B69BCE2F294F22CC00F4EDD8 /* ReposListViewController.xib */; };
		B69BCE33294F22DE00F4EDD8 /* ReposListProtocols.swift in Sources */ = {isa = PBXBuildFile; fileRef = B69BCE32294F22DE00F4EDD8 /* ReposListProtocols.swift */; };
		B69BCE35294F234600F4EDD8 /* ReposListPresenter.swift in Sources */ = {isa = PBXBuildFile; fileRef = B69BCE34294F234600F4EDD8 /* ReposListPresenter.swift */; };
		B69BCE39294F23F400F4EDD8 /* Entities.swift in Sources */ = {isa = PBXBuildFile; fileRef = B69BCE38294F23F400F4EDD8 /* Entities.swift */; };
		B69BCE3C294F240F00F4EDD8 /* ReposListUseCase.swift in Sources */ = {isa = PBXBuildFile; fileRef = B69BCE3B294F240F00F4EDD8 /* ReposListUseCase.swift */; };
		B69BCE40294F24D300F4EDD8 /* ReposListRemoteRepository.swift in Sources */ = {isa = PBXBuildFile; fileRef = B69BCE3F294F24D300F4EDD8 /* ReposListRemoteRepository.swift */; };
		B69BCE42294F24E300F4EDD8 /* ReposListLocalRepository.swift in Sources */ = {isa = PBXBuildFile; fileRef = B69BCE41294F24E300F4EDD8 /* ReposListLocalRepository.swift */; };
		B69BCE47294F259400F4EDD8 /* ReposListNetworkService.swift in Sources */ = {isa = PBXBuildFile; fileRef = B69BCE46294F259400F4EDD8 /* ReposListNetworkService.swift */; };
		B69BCE49294F25DD00F4EDD8 /* ReposListLocalService.swift in Sources */ = {isa = PBXBuildFile; fileRef = B69BCE48294F25DD00F4EDD8 /* ReposListLocalService.swift */; };
		B69BCE4C294F262300F4EDD8 /* NetworkClient.swift in Sources */ = {isa = PBXBuildFile; fileRef = B69BCE4B294F262300F4EDD8 /* NetworkClient.swift */; };
		B69BCE4E294F263A00F4EDD8 /* LocalStorageClient.swift in Sources */ = {isa = PBXBuildFile; fileRef = B69BCE4D294F263A00F4EDD8 /* LocalStorageClient.swift */; };
		B69BCE52294F26A700F4EDD8 /* UserDefaultsStorageClient.swift in Sources */ = {isa = PBXBuildFile; fileRef = B69BCE51294F26A700F4EDD8 /* UserDefaultsStorageClient.swift */; };
		B69BCE54294F26C200F4EDD8 /* URLSessionNetworkClient.swift in Sources */ = {isa = PBXBuildFile; fileRef = B69BCE53294F26C200F4EDD8 /* URLSessionNetworkClient.swift */; };
		B69BCE56294F272600F4EDD8 /* ReposListSceneConfigurator.swift in Sources */ = {isa = PBXBuildFile; fileRef = B69BCE55294F272600F4EDD8 /* ReposListSceneConfigurator.swift */; };
		B69BCE59294F27E800F4EDD8 /* ClientsConfigurator.swift in Sources */ = {isa = PBXBuildFile; fileRef = B69BCE58294F27E800F4EDD8 /* ClientsConfigurator.swift */; };
		B69BCE68294F2C6900F4EDD8 /* ReposListViewControllerTests.swift in Sources */ = {isa = PBXBuildFile; fileRef = B69BCE67294F2C6900F4EDD8 /* ReposListViewControllerTests.swift */; };
		B69BCE6D294F30AB00F4EDD8 /* ReposListLoadingCell.swift in Sources */ = {isa = PBXBuildFile; fileRef = B69BCE6B294F30AB00F4EDD8 /* ReposListLoadingCell.swift */; };
		B69BCE6E294F30AB00F4EDD8 /* ReposListLoadingCell.xib in Resources */ = {isa = PBXBuildFile; fileRef = B69BCE6C294F30AB00F4EDD8 /* ReposListLoadingCell.xib */; };
		B69BCE71294F318100F4EDD8 /* UITableView+Extensions.swift in Sources */ = {isa = PBXBuildFile; fileRef = B69BCE70294F318100F4EDD8 /* UITableView+Extensions.swift */; };
		B69BCE75294F32E100F4EDD8 /* ReposListFailureCell.swift in Sources */ = {isa = PBXBuildFile; fileRef = B69BCE73294F32E100F4EDD8 /* ReposListFailureCell.swift */; };
		B69BCE76294F32E100F4EDD8 /* ReposListFailureCell.xib in Resources */ = {isa = PBXBuildFile; fileRef = B69BCE74294F32E100F4EDD8 /* ReposListFailureCell.xib */; };
		B69BCE7A294F33A300F4EDD8 /* ReposListCell.swift in Sources */ = {isa = PBXBuildFile; fileRef = B69BCE78294F33A300F4EDD8 /* ReposListCell.swift */; };
		B69BCE7B294F33A300F4EDD8 /* ReposListCell.xib in Resources */ = {isa = PBXBuildFile; fileRef = B69BCE79294F33A300F4EDD8 /* ReposListCell.xib */; };
		B69BCE7E294F3DAF00F4EDD8 /* ViewModelsStubs.swift in Sources */ = {isa = PBXBuildFile; fileRef = B69BCE7D294F3DAF00F4EDD8 /* ViewModelsStubs.swift */; };
/* End PBXBuildFile section */

/* Begin PBXContainerItemProxy section */
		B69BCE62294F2C3300F4EDD8 /* PBXContainerItemProxy */ = {
			isa = PBXContainerItemProxy;
			containerPortal = B69BCE08294F1E1100F4EDD8 /* Project object */;
			proxyType = 1;
			remoteGlobalIDString = B69BCE0F294F1E1100F4EDD8;
			remoteInfo = "Trending Repos";
		};
/* End PBXContainerItemProxy section */

/* Begin PBXFileReference section */
		B69BCE10294F1E1100F4EDD8 /* Trending Repos.app */ = {isa = PBXFileReference; explicitFileType = wrapper.application; includeInIndex = 0; path = "Trending Repos.app"; sourceTree = BUILT_PRODUCTS_DIR; };
		B69BCE13294F1E1100F4EDD8 /* AppDelegate.swift */ = {isa = PBXFileReference; lastKnownFileType = sourcecode.swift; path = AppDelegate.swift; sourceTree = "<group>"; };
		B69BCE1C294F1E1400F4EDD8 /* Assets.xcassets */ = {isa = PBXFileReference; lastKnownFileType = folder.assetcatalog; path = Assets.xcassets; sourceTree = "<group>"; };
		B69BCE1F294F1E1400F4EDD8 /* Base */ = {isa = PBXFileReference; lastKnownFileType = file.storyboard; name = Base; path = Base.lproj/LaunchScreen.storyboard; sourceTree = "<group>"; };
		B69BCE21294F1E1400F4EDD8 /* Info.plist */ = {isa = PBXFileReference; lastKnownFileType = text.plist.xml; path = Info.plist; sourceTree = "<group>"; };
		B69BCE27294F205800F4EDD8 /* AppWindowManager.swift */ = {isa = PBXFileReference; lastKnownFileType = sourcecode.swift; path = AppWindowManager.swift; sourceTree = "<group>"; };
		B69BCE2E294F22CC00F4EDD8 /* ReposListViewController.swift */ = {isa = PBXFileReference; lastKnownFileType = sourcecode.swift; path = ReposListViewController.swift; sourceTree = "<group>"; };
		B69BCE2F294F22CC00F4EDD8 /* ReposListViewController.xib */ = {isa = PBXFileReference; lastKnownFileType = file.xib; path = ReposListViewController.xib; sourceTree = "<group>"; };
		B69BCE32294F22DE00F4EDD8 /* ReposListProtocols.swift */ = {isa = PBXFileReference; lastKnownFileType = sourcecode.swift; path = ReposListProtocols.swift; sourceTree = "<group>"; };
		B69BCE34294F234600F4EDD8 /* ReposListPresenter.swift */ = {isa = PBXFileReference; lastKnownFileType = sourcecode.swift; path = ReposListPresenter.swift; sourceTree = "<group>"; };
		B69BCE38294F23F400F4EDD8 /* Entities.swift */ = {isa = PBXFileReference; lastKnownFileType = sourcecode.swift; path = Entities.swift; sourceTree = "<group>"; };
		B69BCE3B294F240F00F4EDD8 /* ReposListUseCase.swift */ = {isa = PBXFileReference; lastKnownFileType = sourcecode.swift; path = ReposListUseCase.swift; sourceTree = "<group>"; };
		B69BCE3F294F24D300F4EDD8 /* ReposListRemoteRepository.swift */ = {isa = PBXFileReference; lastKnownFileType = sourcecode.swift; path = ReposListRemoteRepository.swift; sourceTree = "<group>"; };
		B69BCE41294F24E300F4EDD8 /* ReposListLocalRepository.swift */ = {isa = PBXFileReference; lastKnownFileType = sourcecode.swift; path = ReposListLocalRepository.swift; sourceTree = "<group>"; };
		B69BCE46294F259400F4EDD8 /* ReposListNetworkService.swift */ = {isa = PBXFileReference; lastKnownFileType = sourcecode.swift; path = ReposListNetworkService.swift; sourceTree = "<group>"; };
		B69BCE48294F25DD00F4EDD8 /* ReposListLocalService.swift */ = {isa = PBXFileReference; lastKnownFileType = sourcecode.swift; path = ReposListLocalService.swift; sourceTree = "<group>"; };
		B69BCE4B294F262300F4EDD8 /* NetworkClient.swift */ = {isa = PBXFileReference; lastKnownFileType = sourcecode.swift; path = NetworkClient.swift; sourceTree = "<group>"; };
		B69BCE4D294F263A00F4EDD8 /* LocalStorageClient.swift */ = {isa = PBXFileReference; lastKnownFileType = sourcecode.swift; path = LocalStorageClient.swift; sourceTree = "<group>"; };
		B69BCE51294F26A700F4EDD8 /* UserDefaultsStorageClient.swift */ = {isa = PBXFileReference; lastKnownFileType = sourcecode.swift; path = UserDefaultsStorageClient.swift; sourceTree = "<group>"; };
		B69BCE53294F26C200F4EDD8 /* URLSessionNetworkClient.swift */ = {isa = PBXFileReference; lastKnownFileType = sourcecode.swift; path = URLSessionNetworkClient.swift; sourceTree = "<group>"; };
		B69BCE55294F272600F4EDD8 /* ReposListSceneConfigurator.swift */ = {isa = PBXFileReference; lastKnownFileType = sourcecode.swift; path = ReposListSceneConfigurator.swift; sourceTree = "<group>"; };
		B69BCE58294F27E800F4EDD8 /* ClientsConfigurator.swift */ = {isa = PBXFileReference; lastKnownFileType = sourcecode.swift; path = ClientsConfigurator.swift; sourceTree = "<group>"; };
		B69BCE5E294F2C3300F4EDD8 /* Trending ReposTests.xctest */ = {isa = PBXFileReference; explicitFileType = wrapper.cfbundle; includeInIndex = 0; path = "Trending ReposTests.xctest"; sourceTree = BUILT_PRODUCTS_DIR; };
		B69BCE67294F2C6900F4EDD8 /* ReposListViewControllerTests.swift */ = {isa = PBXFileReference; lastKnownFileType = sourcecode.swift; path = ReposListViewControllerTests.swift; sourceTree = "<group>"; };
		B69BCE6B294F30AB00F4EDD8 /* ReposListLoadingCell.swift */ = {isa = PBXFileReference; lastKnownFileType = sourcecode.swift; path = ReposListLoadingCell.swift; sourceTree = "<group>"; };
		B69BCE6C294F30AB00F4EDD8 /* ReposListLoadingCell.xib */ = {isa = PBXFileReference; lastKnownFileType = file.xib; path = ReposListLoadingCell.xib; sourceTree = "<group>"; };
		B69BCE70294F318100F4EDD8 /* UITableView+Extensions.swift */ = {isa = PBXFileReference; lastKnownFileType = sourcecode.swift; path = "UITableView+Extensions.swift"; sourceTree = "<group>"; };
		B69BCE73294F32E100F4EDD8 /* ReposListFailureCell.swift */ = {isa = PBXFileReference; lastKnownFileType = sourcecode.swift; path = ReposListFailureCell.swift; sourceTree = "<group>"; };
		B69BCE74294F32E100F4EDD8 /* ReposListFailureCell.xib */ = {isa = PBXFileReference; lastKnownFileType = file.xib; path = ReposListFailureCell.xib; sourceTree = "<group>"; };
		B69BCE78294F33A300F4EDD8 /* ReposListCell.swift */ = {isa = PBXFileReference; lastKnownFileType = sourcecode.swift; path = ReposListCell.swift; sourceTree = "<group>"; };
		B69BCE79294F33A300F4EDD8 /* ReposListCell.xib */ = {isa = PBXFileReference; lastKnownFileType = file.xib; path = ReposListCell.xib; sourceTree = "<group>"; };
		B69BCE7D294F3DAF00F4EDD8 /* ViewModelsStubs.swift */ = {isa = PBXFileReference; lastKnownFileType = sourcecode.swift; path = ViewModelsStubs.swift; sourceTree = "<group>"; };
		BB3E12E0BEC24BF1F8C6B53B /* Pods-Trending Repos.debug.xcconfig */ = {isa = PBXFileReference; includeInIndex = 1; lastKnownFileType = text.xcconfig; name = "Pods-Trending Repos.debug.xcconfig"; path = "Target Support Files/Pods-Trending Repos/Pods-Trending Repos.debug.xcconfig"; sourceTree = "<group>"; };
		C44B33FB15256969625B8823 /* Pods-Trending Repos.release.xcconfig */ = {isa = PBXFileReference; includeInIndex = 1; lastKnownFileType = text.xcconfig; name = "Pods-Trending Repos.release.xcconfig"; path = "Target Support Files/Pods-Trending Repos/Pods-Trending Repos.release.xcconfig"; sourceTree = "<group>"; };
		EDEE9C806661035C4C633EED /* libPods-Trending Repos.a */ = {isa = PBXFileReference; explicitFileType = archive.ar; includeInIndex = 0; path = "libPods-Trending Repos.a"; sourceTree = BUILT_PRODUCTS_DIR; };
/* End PBXFileReference section */

/* Begin PBXFrameworksBuildPhase section */
		B69BCE0D294F1E1100F4EDD8 /* Frameworks */ = {
			isa = PBXFrameworksBuildPhase;
			buildActionMask = 2147483647;
			files = (
				76FF47E4F8241E6EE3134225 /* libPods-Trending Repos.a in Frameworks */,
			);
			runOnlyForDeploymentPostprocessing = 0;
		};
		B69BCE5B294F2C3300F4EDD8 /* Frameworks */ = {
			isa = PBXFrameworksBuildPhase;
			buildActionMask = 2147483647;
			files = (
			);
			runOnlyForDeploymentPostprocessing = 0;
		};
/* End PBXFrameworksBuildPhase section */

/* Begin PBXGroup section */
		38C0E39D463E45F97F886250 /* Pods */ = {
			isa = PBXGroup;
			children = (
				BB3E12E0BEC24BF1F8C6B53B /* Pods-Trending Repos.debug.xcconfig */,
				C44B33FB15256969625B8823 /* Pods-Trending Repos.release.xcconfig */,
			);
			path = Pods;
			sourceTree = "<group>";
		};
		41F2F789B29D45ECBEB9A9F8 /* Frameworks */ = {
			isa = PBXGroup;
			children = (
				EDEE9C806661035C4C633EED /* libPods-Trending Repos.a */,
			);
			name = Frameworks;
			sourceTree = "<group>";
		};
		B69BCE07294F1E1100F4EDD8 = {
			isa = PBXGroup;
			children = (
				B69BCE12294F1E1100F4EDD8 /* Trending Repos */,
				B69BCE5F294F2C3300F4EDD8 /* Trending ReposTests */,
				B69BCE11294F1E1100F4EDD8 /* Products */,
				38C0E39D463E45F97F886250 /* Pods */,
				41F2F789B29D45ECBEB9A9F8 /* Frameworks */,
			);
			sourceTree = "<group>";
		};
		B69BCE11294F1E1100F4EDD8 /* Products */ = {
			isa = PBXGroup;
			children = (
				B69BCE10294F1E1100F4EDD8 /* Trending Repos.app */,
				B69BCE5E294F2C3300F4EDD8 /* Trending ReposTests.xctest */,
			);
			name = Products;
			sourceTree = "<group>";
		};
		B69BCE12294F1E1100F4EDD8 /* Trending Repos */ = {
			isa = PBXGroup;
			children = (
				B69BCE29294F21DD00F4EDD8 /* Application */,
				B69BCE36294F23AA00F4EDD8 /* Domain */,
				B69BCE43294F257500F4EDD8 /* Data */,
				B69BCE2B294F227F00F4EDD8 /* Presentation Scenes */,
				B69BCE4F294F267C00F4EDD8 /* Infrastructures */,
				B69BCE2A294F21EF00F4EDD8 /* Resources */,
				B69BCE6F294F317100F4EDD8 /* Utils */,
			);
			path = "Trending Repos";
			sourceTree = "<group>";
		};
		B69BCE29294F21DD00F4EDD8 /* Application */ = {
			isa = PBXGroup;
			children = (
				B69BCE13294F1E1100F4EDD8 /* AppDelegate.swift */,
				B69BCE27294F205800F4EDD8 /* AppWindowManager.swift */,
				B69BCE21294F1E1400F4EDD8 /* Info.plist */,
			);
			path = Application;
			sourceTree = "<group>";
		};
		B69BCE2A294F21EF00F4EDD8 /* Resources */ = {
			isa = PBXGroup;
			children = (
				B69BCE1C294F1E1400F4EDD8 /* Assets.xcassets */,
				B69BCE1E294F1E1400F4EDD8 /* LaunchScreen.storyboard */,
			);
			path = Resources;
			sourceTree = "<group>";
		};
		B69BCE2B294F227F00F4EDD8 /* Presentation Scenes */ = {
			isa = PBXGroup;
			children = (
				B69BCE2C294F229200F4EDD8 /* Repos List */,
			);
			path = "Presentation Scenes";
			sourceTree = "<group>";
		};
		B69BCE2C294F229200F4EDD8 /* Repos List */ = {
			isa = PBXGroup;
			children = (
				B69BCE69294F308C00F4EDD8 /* Cells */,
				B69BCE2D294F22B600F4EDD8 /* View Controller */,
				B69BCE32294F22DE00F4EDD8 /* ReposListProtocols.swift */,
				B69BCE34294F234600F4EDD8 /* ReposListPresenter.swift */,
				B69BCE55294F272600F4EDD8 /* ReposListSceneConfigurator.swift */,
			);
			path = "Repos List";
			sourceTree = "<group>";
		};
		B69BCE2D294F22B600F4EDD8 /* View Controller */ = {
			isa = PBXGroup;
			children = (
				B69BCE2E294F22CC00F4EDD8 /* ReposListViewController.swift */,
				B69BCE2F294F22CC00F4EDD8 /* ReposListViewController.xib */,
			);
			path = "View Controller";
			sourceTree = "<group>";
		};
		B69BCE36294F23AA00F4EDD8 /* Domain */ = {
			isa = PBXGroup;
			children = (
				B69BCE37294F23CB00F4EDD8 /* Entities */,
				B69BCE3A294F23F800F4EDD8 /* Use Cases */,
				B69BCE3D294F24AA00F4EDD8 /* Boundry Interfaces */,
			);
			path = Domain;
			sourceTree = "<group>";
		};
		B69BCE37294F23CB00F4EDD8 /* Entities */ = {
			isa = PBXGroup;
			children = (
				B69BCE38294F23F400F4EDD8 /* Entities.swift */,
			);
			path = Entities;
			sourceTree = "<group>";
		};
		B69BCE3A294F23F800F4EDD8 /* Use Cases */ = {
			isa = PBXGroup;
			children = (
				B69BCE3B294F240F00F4EDD8 /* ReposListUseCase.swift */,
			);
			path = "Use Cases";
			sourceTree = "<group>";
		};
		B69BCE3D294F24AA00F4EDD8 /* Boundry Interfaces */ = {
			isa = PBXGroup;
			children = (
				B69BCE3E294F24AF00F4EDD8 /* Repository */,
			);
			path = "Boundry Interfaces";
			sourceTree = "<group>";
		};
		B69BCE3E294F24AF00F4EDD8 /* Repository */ = {
			isa = PBXGroup;
			children = (
				B69BCE3F294F24D300F4EDD8 /* ReposListRemoteRepository.swift */,
				B69BCE41294F24E300F4EDD8 /* ReposListLocalRepository.swift */,
			);
			path = Repository;
			sourceTree = "<group>";
		};
		B69BCE43294F257500F4EDD8 /* Data */ = {
			isa = PBXGroup;
			children = (
				B69BCE4A294F261200F4EDD8 /* Clients Protocol */,
				B69BCE45294F258800F4EDD8 /* Remote */,
				B69BCE44294F257D00F4EDD8 /* Local */,
			);
			path = Data;
			sourceTree = "<group>";
		};
		B69BCE44294F257D00F4EDD8 /* Local */ = {
			isa = PBXGroup;
			children = (
				B69BCE48294F25DD00F4EDD8 /* ReposListLocalService.swift */,
			);
			path = Local;
			sourceTree = "<group>";
		};
		B69BCE45294F258800F4EDD8 /* Remote */ = {
			isa = PBXGroup;
			children = (
				B69BCE46294F259400F4EDD8 /* ReposListNetworkService.swift */,
			);
			path = Remote;
			sourceTree = "<group>";
		};
		B69BCE4A294F261200F4EDD8 /* Clients Protocol */ = {
			isa = PBXGroup;
			children = (
				B69BCE4B294F262300F4EDD8 /* NetworkClient.swift */,
				B69BCE4D294F263A00F4EDD8 /* LocalStorageClient.swift */,
			);
			path = "Clients Protocol";
			sourceTree = "<group>";
		};
		B69BCE4F294F267C00F4EDD8 /* Infrastructures */ = {
			isa = PBXGroup;
			children = (
				B69BCE57294F27D900F4EDD8 /* Clients Configurator */,
				B69BCE50294F268A00F4EDD8 /* Clients */,
			);
			path = Infrastructures;
			sourceTree = "<group>";
		};
		B69BCE50294F268A00F4EDD8 /* Clients */ = {
			isa = PBXGroup;
			children = (
				B69BCE51294F26A700F4EDD8 /* UserDefaultsStorageClient.swift */,
				B69BCE53294F26C200F4EDD8 /* URLSessionNetworkClient.swift */,
			);
			path = Clients;
			sourceTree = "<group>";
		};
		B69BCE57294F27D900F4EDD8 /* Clients Configurator */ = {
			isa = PBXGroup;
			children = (
				B69BCE58294F27E800F4EDD8 /* ClientsConfigurator.swift */,
			);
			path = "Clients Configurator";
			sourceTree = "<group>";
		};
		B69BCE5F294F2C3300F4EDD8 /* Trending ReposTests */ = {
			isa = PBXGroup;
			children = (
				B69BCE7C294F3D9900F4EDD8 /* Models Stubs */,
				B69BCE67294F2C6900F4EDD8 /* ReposListViewControllerTests.swift */,
			);
			path = "Trending ReposTests";
			sourceTree = "<group>";
		};
		B69BCE69294F308C00F4EDD8 /* Cells */ = {
			isa = PBXGroup;
			children = (
				B69BCE77294F339200F4EDD8 /* Repo Cell */,
				B69BCE72294F32CB00F4EDD8 /* Failure Cell */,
				B69BCE6A294F308F00F4EDD8 /* Loading Cell */,
			);
			path = Cells;
			sourceTree = "<group>";
		};
		B69BCE6A294F308F00F4EDD8 /* Loading Cell */ = {
			isa = PBXGroup;
			children = (
				B69BCE6B294F30AB00F4EDD8 /* ReposListLoadingCell.swift */,
				B69BCE6C294F30AB00F4EDD8 /* ReposListLoadingCell.xib */,
			);
			path = "Loading Cell";
			sourceTree = "<group>";
		};
		B69BCE6F294F317100F4EDD8 /* Utils */ = {
			isa = PBXGroup;
			children = (
				B69BCE70294F318100F4EDD8 /* UITableView+Extensions.swift */,
			);
			path = Utils;
			sourceTree = "<group>";
		};
		B69BCE72294F32CB00F4EDD8 /* Failure Cell */ = {
			isa = PBXGroup;
			children = (
				B69BCE73294F32E100F4EDD8 /* ReposListFailureCell.swift */,
				B69BCE74294F32E100F4EDD8 /* ReposListFailureCell.xib */,
			);
			path = "Failure Cell";
			sourceTree = "<group>";
		};
		B69BCE77294F339200F4EDD8 /* Repo Cell */ = {
			isa = PBXGroup;
			children = (
				B69BCE78294F33A300F4EDD8 /* ReposListCell.swift */,
				B69BCE79294F33A300F4EDD8 /* ReposListCell.xib */,
			);
			path = "Repo Cell";
			sourceTree = "<group>";
		};
		B69BCE7C294F3D9900F4EDD8 /* Models Stubs */ = {
			isa = PBXGroup;
			children = (
				B69BCE7D294F3DAF00F4EDD8 /* ViewModelsStubs.swift */,
			);
			path = "Models Stubs";
			sourceTree = "<group>";
		};
/* End PBXGroup section */

/* Begin PBXNativeTarget section */
		B69BCE0F294F1E1100F4EDD8 /* Trending Repos */ = {
			isa = PBXNativeTarget;
			buildConfigurationList = B69BCE24294F1E1400F4EDD8 /* Build configuration list for PBXNativeTarget "Trending Repos" */;
			buildPhases = (
				26330F224B794D3208155EC9 /* [CP] Check Pods Manifest.lock */,
				B69BCE0C294F1E1100F4EDD8 /* Sources */,
				B69BCE0D294F1E1100F4EDD8 /* Frameworks */,
				B69BCE0E294F1E1100F4EDD8 /* Resources */,
			);
			buildRules = (
			);
			dependencies = (
			);
			name = "Trending Repos";
			productName = "Trending Repos";
			productReference = B69BCE10294F1E1100F4EDD8 /* Trending Repos.app */;
			productType = "com.apple.product-type.application";
		};
		B69BCE5D294F2C3300F4EDD8 /* Trending ReposTests */ = {
			isa = PBXNativeTarget;
			buildConfigurationList = B69BCE64294F2C3300F4EDD8 /* Build configuration list for PBXNativeTarget "Trending ReposTests" */;
			buildPhases = (
				B69BCE5A294F2C3300F4EDD8 /* Sources */,
				B69BCE5B294F2C3300F4EDD8 /* Frameworks */,
				B69BCE5C294F2C3300F4EDD8 /* Resources */,
			);
			buildRules = (
			);
			dependencies = (
				B69BCE63294F2C3300F4EDD8 /* PBXTargetDependency */,
			);
			name = "Trending ReposTests";
			productName = "Trending ReposTests";
			productReference = B69BCE5E294F2C3300F4EDD8 /* Trending ReposTests.xctest */;
			productType = "com.apple.product-type.bundle.unit-test";
		};
/* End PBXNativeTarget section */

/* Begin PBXProject section */
		B69BCE08294F1E1100F4EDD8 /* Project object */ = {
			isa = PBXProject;
			attributes = {
				BuildIndependentTargetsInParallel = 1;
				LastSwiftUpdateCheck = 1410;
				LastUpgradeCheck = 1410;
				TargetAttributes = {
					B69BCE0F294F1E1100F4EDD8 = {
						CreatedOnToolsVersion = 14.1;
					};
					B69BCE5D294F2C3300F4EDD8 = {
						CreatedOnToolsVersion = 14.1;
						LastSwiftMigration = 1410;
						TestTargetID = B69BCE0F294F1E1100F4EDD8;
					};
				};
			};
			buildConfigurationList = B69BCE0B294F1E1100F4EDD8 /* Build configuration list for PBXProject "Trending Repos" */;
			compatibilityVersion = "Xcode 14.0";
			developmentRegion = en;
			hasScannedForEncodings = 0;
			knownRegions = (
				en,
				Base,
			);
			mainGroup = B69BCE07294F1E1100F4EDD8;
			productRefGroup = B69BCE11294F1E1100F4EDD8 /* Products */;
			projectDirPath = "";
			projectRoot = "";
			targets = (
				B69BCE0F294F1E1100F4EDD8 /* Trending Repos */,
				B69BCE5D294F2C3300F4EDD8 /* Trending ReposTests */,
			);
		};
/* End PBXProject section */

/* Begin PBXResourcesBuildPhase section */
		B69BCE0E294F1E1100F4EDD8 /* Resources */ = {
			isa = PBXResourcesBuildPhase;
			buildActionMask = 2147483647;
			files = (
				B69BCE6E294F30AB00F4EDD8 /* ReposListLoadingCell.xib in Resources */,
				B69BCE20294F1E1400F4EDD8 /* LaunchScreen.storyboard in Resources */,
				B69BCE31294F22CC00F4EDD8 /* ReposListViewController.xib in Resources */,
				B69BCE7B294F33A300F4EDD8 /* ReposListCell.xib in Resources */,
				B69BCE1D294F1E1400F4EDD8 /* Assets.xcassets in Resources */,
				B69BCE76294F32E100F4EDD8 /* ReposListFailureCell.xib in Resources */,
			);
			runOnlyForDeploymentPostprocessing = 0;
		};
		B69BCE5C294F2C3300F4EDD8 /* Resources */ = {
			isa = PBXResourcesBuildPhase;
			buildActionMask = 2147483647;
			files = (
			);
			runOnlyForDeploymentPostprocessing = 0;
		};
/* End PBXResourcesBuildPhase section */

/* Begin PBXShellScriptBuildPhase section */
		26330F224B794D3208155EC9 /* [CP] Check Pods Manifest.lock */ = {
			isa = PBXShellScriptBuildPhase;
			buildActionMask = 2147483647;
			files = (
			);
			inputFileListPaths = (
			);
			inputPaths = (
				"${PODS_PODFILE_DIR_PATH}/Podfile.lock",
				"${PODS_ROOT}/Manifest.lock",
			);
			name = "[CP] Check Pods Manifest.lock";
			outputFileListPaths = (
			);
			outputPaths = (
				"$(DERIVED_FILE_DIR)/Pods-Trending Repos-checkManifestLockResult.txt",
			);
			runOnlyForDeploymentPostprocessing = 0;
			shellPath = /bin/sh;
			shellScript = "diff \"${PODS_PODFILE_DIR_PATH}/Podfile.lock\" \"${PODS_ROOT}/Manifest.lock\" > /dev/null\nif [ $? != 0 ] ; then\n    # print error to STDERR\n    echo \"error: The sandbox is not in sync with the Podfile.lock. Run 'pod install' or update your CocoaPods installation.\" >&2\n    exit 1\nfi\n# This output is used by Xcode 'outputs' to avoid re-running this script phase.\necho \"SUCCESS\" > \"${SCRIPT_OUTPUT_FILE_0}\"\n";
			showEnvVarsInLog = 0;
		};
/* End PBXShellScriptBuildPhase section */

/* Begin PBXSourcesBuildPhase section */
		B69BCE0C294F1E1100F4EDD8 /* Sources */ = {
			isa = PBXSourcesBuildPhase;
			buildActionMask = 2147483647;
			files = (
				B69BCE47294F259400F4EDD8 /* ReposListNetworkService.swift in Sources */,
				B69BCE40294F24D300F4EDD8 /* ReposListRemoteRepository.swift in Sources */,
				B69BCE75294F32E100F4EDD8 /* ReposListFailureCell.swift in Sources */,
				B69BCE56294F272600F4EDD8 /* ReposListSceneConfigurator.swift in Sources */,
				B69BCE33294F22DE00F4EDD8 /* ReposListProtocols.swift in Sources */,
				B69BCE7A294F33A300F4EDD8 /* ReposListCell.swift in Sources */,
				B69BCE49294F25DD00F4EDD8 /* ReposListLocalService.swift in Sources */,
				B69BCE30294F22CC00F4EDD8 /* ReposListViewController.swift in Sources */,
				B69BCE6D294F30AB00F4EDD8 /* ReposListLoadingCell.swift in Sources */,
				B69BCE28294F205800F4EDD8 /* AppWindowManager.swift in Sources */,
				B69BCE59294F27E800F4EDD8 /* ClientsConfigurator.swift in Sources */,
				B69BCE52294F26A700F4EDD8 /* UserDefaultsStorageClient.swift in Sources */,
				B69BCE54294F26C200F4EDD8 /* URLSessionNetworkClient.swift in Sources */,
				B69BCE39294F23F400F4EDD8 /* Entities.swift in Sources */,
				B69BCE4E294F263A00F4EDD8 /* LocalStorageClient.swift in Sources */,
				B69BCE4C294F262300F4EDD8 /* NetworkClient.swift in Sources */,
				B69BCE35294F234600F4EDD8 /* ReposListPresenter.swift in Sources */,
				B69BCE71294F318100F4EDD8 /* UITableView+Extensions.swift in Sources */,
				B69BCE14294F1E1100F4EDD8 /* AppDelegate.swift in Sources */,
				B69BCE42294F24E300F4EDD8 /* ReposListLocalRepository.swift in Sources */,
				B69BCE3C294F240F00F4EDD8 /* ReposListUseCase.swift in Sources */,
			);
			runOnlyForDeploymentPostprocessing = 0;
		};
		B69BCE5A294F2C3300F4EDD8 /* Sources */ = {
			isa = PBXSourcesBuildPhase;
			buildActionMask = 2147483647;
			files = (
				B69BCE7E294F3DAF00F4EDD8 /* ViewModelsStubs.swift in Sources */,
				B69BCE68294F2C6900F4EDD8 /* ReposListViewControllerTests.swift in Sources */,
			);
			runOnlyForDeploymentPostprocessing = 0;
		};
/* End PBXSourcesBuildPhase section */

/* Begin PBXTargetDependency section */
		B69BCE63294F2C3300F4EDD8 /* PBXTargetDependency */ = {
			isa = PBXTargetDependency;
			target = B69BCE0F294F1E1100F4EDD8 /* Trending Repos */;
			targetProxy = B69BCE62294F2C3300F4EDD8 /* PBXContainerItemProxy */;
		};
/* End PBXTargetDependency section */

/* Begin PBXVariantGroup section */
		B69BCE1E294F1E1400F4EDD8 /* LaunchScreen.storyboard */ = {
			isa = PBXVariantGroup;
			children = (
				B69BCE1F294F1E1400F4EDD8 /* Base */,
			);
			name = LaunchScreen.storyboard;
			sourceTree = "<group>";
		};
/* End PBXVariantGroup section */

/* Begin XCBuildConfiguration section */
		B69BCE22294F1E1400F4EDD8 /* Debug */ = {
			isa = XCBuildConfiguration;
			buildSettings = {
				ALWAYS_SEARCH_USER_PATHS = NO;
				CLANG_ANALYZER_NONNULL = YES;
				CLANG_ANALYZER_NUMBER_OBJECT_CONVERSION = YES_AGGRESSIVE;
				CLANG_CXX_LANGUAGE_STANDARD = "gnu++20";
				CLANG_ENABLE_MODULES = YES;
				CLANG_ENABLE_OBJC_ARC = YES;
				CLANG_ENABLE_OBJC_WEAK = YES;
				CLANG_WARN_BLOCK_CAPTURE_AUTORELEASING = YES;
				CLANG_WARN_BOOL_CONVERSION = YES;
				CLANG_WARN_COMMA = YES;
				CLANG_WARN_CONSTANT_CONVERSION = YES;
				CLANG_WARN_DEPRECATED_OBJC_IMPLEMENTATIONS = YES;
				CLANG_WARN_DIRECT_OBJC_ISA_USAGE = YES_ERROR;
				CLANG_WARN_DOCUMENTATION_COMMENTS = YES;
				CLANG_WARN_EMPTY_BODY = YES;
				CLANG_WARN_ENUM_CONVERSION = YES;
				CLANG_WARN_INFINITE_RECURSION = YES;
				CLANG_WARN_INT_CONVERSION = YES;
				CLANG_WARN_NON_LITERAL_NULL_CONVERSION = YES;
				CLANG_WARN_OBJC_IMPLICIT_RETAIN_SELF = YES;
				CLANG_WARN_OBJC_LITERAL_CONVERSION = YES;
				CLANG_WARN_OBJC_ROOT_CLASS = YES_ERROR;
				CLANG_WARN_QUOTED_INCLUDE_IN_FRAMEWORK_HEADER = YES;
				CLANG_WARN_RANGE_LOOP_ANALYSIS = YES;
				CLANG_WARN_STRICT_PROTOTYPES = YES;
				CLANG_WARN_SUSPICIOUS_MOVE = YES;
				CLANG_WARN_UNGUARDED_AVAILABILITY = YES_AGGRESSIVE;
				CLANG_WARN_UNREACHABLE_CODE = YES;
				CLANG_WARN__DUPLICATE_METHOD_MATCH = YES;
				COPY_PHASE_STRIP = NO;
				DEBUG_INFORMATION_FORMAT = dwarf;
				ENABLE_STRICT_OBJC_MSGSEND = YES;
				ENABLE_TESTABILITY = YES;
				GCC_C_LANGUAGE_STANDARD = gnu11;
				GCC_DYNAMIC_NO_PIC = NO;
				GCC_NO_COMMON_BLOCKS = YES;
				GCC_OPTIMIZATION_LEVEL = 0;
				GCC_PREPROCESSOR_DEFINITIONS = (
					"DEBUG=1",
					"$(inherited)",
				);
				GCC_WARN_64_TO_32_BIT_CONVERSION = YES;
				GCC_WARN_ABOUT_RETURN_TYPE = YES_ERROR;
				GCC_WARN_UNDECLARED_SELECTOR = YES;
				GCC_WARN_UNINITIALIZED_AUTOS = YES_AGGRESSIVE;
				GCC_WARN_UNUSED_FUNCTION = YES;
				GCC_WARN_UNUSED_VARIABLE = YES;
				IPHONEOS_DEPLOYMENT_TARGET = 13.0;
				MTL_ENABLE_DEBUG_INFO = INCLUDE_SOURCE;
				MTL_FAST_MATH = YES;
				ONLY_ACTIVE_ARCH = YES;
				SDKROOT = iphoneos;
				SWIFT_ACTIVE_COMPILATION_CONDITIONS = DEBUG;
				SWIFT_OPTIMIZATION_LEVEL = "-Onone";
			};
			name = Debug;
		};
		B69BCE23294F1E1400F4EDD8 /* Release */ = {
			isa = XCBuildConfiguration;
			buildSettings = {
				ALWAYS_SEARCH_USER_PATHS = NO;
				CLANG_ANALYZER_NONNULL = YES;
				CLANG_ANALYZER_NUMBER_OBJECT_CONVERSION = YES_AGGRESSIVE;
				CLANG_CXX_LANGUAGE_STANDARD = "gnu++20";
				CLANG_ENABLE_MODULES = YES;
				CLANG_ENABLE_OBJC_ARC = YES;
				CLANG_ENABLE_OBJC_WEAK = YES;
				CLANG_WARN_BLOCK_CAPTURE_AUTORELEASING = YES;
				CLANG_WARN_BOOL_CONVERSION = YES;
				CLANG_WARN_COMMA = YES;
				CLANG_WARN_CONSTANT_CONVERSION = YES;
				CLANG_WARN_DEPRECATED_OBJC_IMPLEMENTATIONS = YES;
				CLANG_WARN_DIRECT_OBJC_ISA_USAGE = YES_ERROR;
				CLANG_WARN_DOCUMENTATION_COMMENTS = YES;
				CLANG_WARN_EMPTY_BODY = YES;
				CLANG_WARN_ENUM_CONVERSION = YES;
				CLANG_WARN_INFINITE_RECURSION = YES;
				CLANG_WARN_INT_CONVERSION = YES;
				CLANG_WARN_NON_LITERAL_NULL_CONVERSION = YES;
				CLANG_WARN_OBJC_IMPLICIT_RETAIN_SELF = YES;
				CLANG_WARN_OBJC_LITERAL_CONVERSION = YES;
				CLANG_WARN_OBJC_ROOT_CLASS = YES_ERROR;
				CLANG_WARN_QUOTED_INCLUDE_IN_FRAMEWORK_HEADER = YES;
				CLANG_WARN_RANGE_LOOP_ANALYSIS = YES;
				CLANG_WARN_STRICT_PROTOTYPES = YES;
				CLANG_WARN_SUSPICIOUS_MOVE = YES;
				CLANG_WARN_UNGUARDED_AVAILABILITY = YES_AGGRESSIVE;
				CLANG_WARN_UNREACHABLE_CODE = YES;
				CLANG_WARN__DUPLICATE_METHOD_MATCH = YES;
				COPY_PHASE_STRIP = NO;
				DEBUG_INFORMATION_FORMAT = "dwarf-with-dsym";
				ENABLE_NS_ASSERTIONS = NO;
				ENABLE_STRICT_OBJC_MSGSEND = YES;
				GCC_C_LANGUAGE_STANDARD = gnu11;
				GCC_NO_COMMON_BLOCKS = YES;
				GCC_WARN_64_TO_32_BIT_CONVERSION = YES;
				GCC_WARN_ABOUT_RETURN_TYPE = YES_ERROR;
				GCC_WARN_UNDECLARED_SELECTOR = YES;
				GCC_WARN_UNINITIALIZED_AUTOS = YES_AGGRESSIVE;
				GCC_WARN_UNUSED_FUNCTION = YES;
				GCC_WARN_UNUSED_VARIABLE = YES;
				IPHONEOS_DEPLOYMENT_TARGET = 13.0;
				MTL_ENABLE_DEBUG_INFO = NO;
				MTL_FAST_MATH = YES;
				SDKROOT = iphoneos;
				SWIFT_COMPILATION_MODE = wholemodule;
				SWIFT_OPTIMIZATION_LEVEL = "-O";
				VALIDATE_PRODUCT = YES;
			};
			name = Release;
		};
		B69BCE25294F1E1400F4EDD8 /* Debug */ = {
			isa = XCBuildConfiguration;
			baseConfigurationReference = BB3E12E0BEC24BF1F8C6B53B /* Pods-Trending Repos.debug.xcconfig */;
			buildSettings = {
				ASSETCATALOG_COMPILER_APPICON_NAME = AppIcon;
				ASSETCATALOG_COMPILER_GLOBAL_ACCENT_COLOR_NAME = AccentColor;
				CODE_SIGN_STYLE = Automatic;
				CURRENT_PROJECT_VERSION = 1;
				DEVELOPMENT_TEAM = 6SDAY59Y6N;
				GENERATE_INFOPLIST_FILE = YES;
				INFOPLIST_FILE = "Trending Repos/Application/Info.plist";
				INFOPLIST_KEY_UIApplicationSupportsIndirectInputEvents = YES;
				INFOPLIST_KEY_UILaunchStoryboardName = LaunchScreen;
				INFOPLIST_KEY_UISupportedInterfaceOrientations_iPad = "UIInterfaceOrientationPortrait UIInterfaceOrientationPortraitUpsideDown UIInterfaceOrientationLandscapeLeft UIInterfaceOrientationLandscapeRight";
				INFOPLIST_KEY_UISupportedInterfaceOrientations_iPhone = "UIInterfaceOrientationPortrait UIInterfaceOrientationLandscapeLeft UIInterfaceOrientationLandscapeRight";
				IPHONEOS_DEPLOYMENT_TARGET = 13.0;
				LD_RUNPATH_SEARCH_PATHS = (
					"$(inherited)",
					"@executable_path/Frameworks",
				);
				MARKETING_VERSION = 1.0;
				PRODUCT_BUNDLE_IDENTIFIER = "omar.labib.Trending-Repos";
				PRODUCT_NAME = "$(TARGET_NAME)";
				SWIFT_EMIT_LOC_STRINGS = YES;
				SWIFT_VERSION = 5.0;
				TARGETED_DEVICE_FAMILY = "1,2";
			};
			name = Debug;
		};
		B69BCE26294F1E1400F4EDD8 /* Release */ = {
			isa = XCBuildConfiguration;
			baseConfigurationReference = C44B33FB15256969625B8823 /* Pods-Trending Repos.release.xcconfig */;
			buildSettings = {
				ASSETCATALOG_COMPILER_APPICON_NAME = AppIcon;
				ASSETCATALOG_COMPILER_GLOBAL_ACCENT_COLOR_NAME = AccentColor;
				CODE_SIGN_STYLE = Automatic;
				CURRENT_PROJECT_VERSION = 1;
				DEVELOPMENT_TEAM = 6SDAY59Y6N;
				GENERATE_INFOPLIST_FILE = YES;
				INFOPLIST_FILE = "Trending Repos/Application/Info.plist";
				INFOPLIST_KEY_UIApplicationSupportsIndirectInputEvents = YES;
				INFOPLIST_KEY_UILaunchStoryboardName = LaunchScreen;
				INFOPLIST_KEY_UISupportedInterfaceOrientations_iPad = "UIInterfaceOrientationPortrait UIInterfaceOrientationPortraitUpsideDown UIInterfaceOrientationLandscapeLeft UIInterfaceOrientationLandscapeRight";
				INFOPLIST_KEY_UISupportedInterfaceOrientations_iPhone = "UIInterfaceOrientationPortrait UIInterfaceOrientationLandscapeLeft UIInterfaceOrientationLandscapeRight";
				IPHONEOS_DEPLOYMENT_TARGET = 13.0;
				LD_RUNPATH_SEARCH_PATHS = (
					"$(inherited)",
					"@executable_path/Frameworks",
				);
				MARKETING_VERSION = 1.0;
				PRODUCT_BUNDLE_IDENTIFIER = "omar.labib.Trending-Repos";
				PRODUCT_NAME = "$(TARGET_NAME)";
				SWIFT_EMIT_LOC_STRINGS = YES;
				SWIFT_VERSION = 5.0;
				TARGETED_DEVICE_FAMILY = "1,2";
			};
			name = Release;
		};
		B69BCE65294F2C3300F4EDD8 /* Debug */ = {
			isa = XCBuildConfiguration;
			buildSettings = {
				BUNDLE_LOADER = "$(TEST_HOST)";
				CLANG_ENABLE_MODULES = YES;
				CODE_SIGN_STYLE = Automatic;
				CURRENT_PROJECT_VERSION = 1;
				DEVELOPMENT_TEAM = 6SDAY59Y6N;
				GENERATE_INFOPLIST_FILE = YES;
				IPHONEOS_DEPLOYMENT_TARGET = 16.1;
				LD_RUNPATH_SEARCH_PATHS = (
					"$(inherited)",
					"@executable_path/Frameworks",
					"@loader_path/Frameworks",
				);
				MARKETING_VERSION = 1.0;
				PRODUCT_BUNDLE_IDENTIFIER = "omar.labib.Trending-ReposTests";
				PRODUCT_NAME = "$(TARGET_NAME)";
				SWIFT_EMIT_LOC_STRINGS = NO;
				SWIFT_OPTIMIZATION_LEVEL = "-Onone";
				SWIFT_VERSION = 5.0;
				TARGETED_DEVICE_FAMILY = "1,2";
				TEST_HOST = "$(BUILT_PRODUCTS_DIR)/Trending Repos.app/$(BUNDLE_EXECUTABLE_FOLDER_PATH)/Trending Repos";
			};
			name = Debug;
		};
		B69BCE66294F2C3300F4EDD8 /* Release */ = {
			isa = XCBuildConfiguration;
			buildSettings = {
				BUNDLE_LOADER = "$(TEST_HOST)";
				CLANG_ENABLE_MODULES = YES;
				CODE_SIGN_STYLE = Automatic;
				CURRENT_PROJECT_VERSION = 1;
				DEVELOPMENT_TEAM = 6SDAY59Y6N;
				GENERATE_INFOPLIST_FILE = YES;
				IPHONEOS_DEPLOYMENT_TARGET = 16.1;
				LD_RUNPATH_SEARCH_PATHS = (
					"$(inherited)",
					"@executable_path/Frameworks",
					"@loader_path/Frameworks",
				);
				MARKETING_VERSION = 1.0;
				PRODUCT_BUNDLE_IDENTIFIER = "omar.labib.Trending-ReposTests";
				PRODUCT_NAME = "$(TARGET_NAME)";
				SWIFT_EMIT_LOC_STRINGS = NO;
				SWIFT_VERSION = 5.0;
				TARGETED_DEVICE_FAMILY = "1,2";
				TEST_HOST = "$(BUILT_PRODUCTS_DIR)/Trending Repos.app/$(BUNDLE_EXECUTABLE_FOLDER_PATH)/Trending Repos";
			};
			name = Release;
		};
/* End XCBuildConfiguration section */

/* Begin XCConfigurationList section */
		B69BCE0B294F1E1100F4EDD8 /* Build configuration list for PBXProject "Trending Repos" */ = {
			isa = XCConfigurationList;
			buildConfigurations = (
				B69BCE22294F1E1400F4EDD8 /* Debug */,
				B69BCE23294F1E1400F4EDD8 /* Release */,
			);
			defaultConfigurationIsVisible = 0;
			defaultConfigurationName = Release;
		};
		B69BCE24294F1E1400F4EDD8 /* Build configuration list for PBXNativeTarget "Trending Repos" */ = {
			isa = XCConfigurationList;
			buildConfigurations = (
				B69BCE25294F1E1400F4EDD8 /* Debug */,
				B69BCE26294F1E1400F4EDD8 /* Release */,
			);
			defaultConfigurationIsVisible = 0;
			defaultConfigurationName = Release;
		};
		B69BCE64294F2C3300F4EDD8 /* Build configuration list for PBXNativeTarget "Trending ReposTests" */ = {
			isa = XCConfigurationList;
			buildConfigurations = (
				B69BCE65294F2C3300F4EDD8 /* Debug */,
				B69BCE66294F2C3300F4EDD8 /* Release */,
			);
			defaultConfigurationIsVisible = 0;
			defaultConfigurationName = Release;
		};
/* End XCConfigurationList section */
	};
	rootObject = B69BCE08294F1E1100F4EDD8 /* Project object */;
}
